// !$*UTF8*$!
{
	archiveVersion = 1;
	classes = {
	};
	objectVersion = 50;
	objects = {

/* Begin PBXBuildFile section */
		36A5315922E17A520015C350 /* AppDelegate.swift in Sources */ = {isa = PBXBuildFile; fileRef = 36A5315822E17A520015C350 /* AppDelegate.swift */; };
		36A5315B22E17A520015C350 /* ViewController.swift in Sources */ = {isa = PBXBuildFile; fileRef = 36A5315A22E17A520015C350 /* ViewController.swift */; };
		36A5315E22E17A520015C350 /* Main.storyboard in Resources */ = {isa = PBXBuildFile; fileRef = 36A5315C22E17A520015C350 /* Main.storyboard */; };
		36A5316122E17A520015C350 /* CoreDataDemo.xcdatamodeld in Sources */ = {isa = PBXBuildFile; fileRef = 36A5315F22E17A520015C350 /* CoreDataDemo.xcdatamodeld */; };
		36A5316322E17A530015C350 /* Assets.xcassets in Resources */ = {isa = PBXBuildFile; fileRef = 36A5316222E17A530015C350 /* Assets.xcassets */; };
		36A5316622E17A530015C350 /* LaunchScreen.storyboard in Resources */ = {isa = PBXBuildFile; fileRef = 36A5316422E17A530015C350 /* LaunchScreen.storyboard */; };
		36A5316F22E17BE90015C350 /* Student+CoreDataClass.swift in Sources */ = {isa = PBXBuildFile; fileRef = 36A5316D22E17BE90015C350 /* Student+CoreDataClass.swift */; };
		36A5317022E17BE90015C350 /* Student+CoreDataProperties.swift in Sources */ = {isa = PBXBuildFile; fileRef = 36A5316E22E17BE90015C350 /* Student+CoreDataProperties.swift */; };
		36A5317322E17C120015C350 /* CoreData.framework in Frameworks */ = {isa = PBXBuildFile; fileRef = 36A5317222E17C120015C350 /* CoreData.framework */; };
		36A5317522E184A40015C350 /* DatabaseHelper.swift in Sources */ = {isa = PBXBuildFile; fileRef = 36A5317422E184A40015C350 /* DatabaseHelper.swift */; };
		36A5317722E19C9D0015C350 /* TableViewCell.swift in Sources */ = {isa = PBXBuildFile; fileRef = 36A5317622E19C9D0015C350 /* TableViewCell.swift */; };
		36A5317922E19CBE0015C350 /* ListViewController.swift in Sources */ = {isa = PBXBuildFile; fileRef = 36A5317822E19CBE0015C350 /* ListViewController.swift */; };
		36A5317C22E1E0DF0015C350 /* Utils.swift in Sources */ = {isa = PBXBuildFile; fileRef = 36A5317B22E1E0DF0015C350 /* Utils.swift */; };
/* End PBXBuildFile section */

/* Begin PBXFileReference section */
		36A5315522E17A520015C350 /* CoreDataDemo.app */ = {isa = PBXFileReference; explicitFileType = wrapper.application; includeInIndex = 0; path = CoreDataDemo.app; sourceTree = BUILT_PRODUCTS_DIR; };
		36A5315822E17A520015C350 /* AppDelegate.swift */ = {isa = PBXFileReference; lastKnownFileType = sourcecode.swift; path = AppDelegate.swift; sourceTree = "<group>"; };
		36A5315A22E17A520015C350 /* ViewController.swift */ = {isa = PBXFileReference; lastKnownFileType = sourcecode.swift; path = ViewController.swift; sourceTree = "<group>"; };
		36A5315D22E17A520015C350 /* Base */ = {isa = PBXFileReference; lastKnownFileType = file.storyboard; name = Base; path = Base.lproj/Main.storyboard; sourceTree = "<group>"; };
		36A5316022E17A520015C350 /* CoreDataDemo.xcdatamodel */ = {isa = PBXFileReference; lastKnownFileType = wrapper.xcdatamodel; path = CoreDataDemo.xcdatamodel; sourceTree = "<group>"; };
		36A5316222E17A530015C350 /* Assets.xcassets */ = {isa = PBXFileReference; lastKnownFileType = folder.assetcatalog; path = Assets.xcassets; sourceTree = "<group>"; };
		36A5316522E17A530015C350 /* Base */ = {isa = PBXFileReference; lastKnownFileType = file.storyboard; name = Base; path = Base.lproj/LaunchScreen.storyboard; sourceTree = "<group>"; };
		36A5316722E17A530015C350 /* Info.plist */ = {isa = PBXFileReference; lastKnownFileType = text.plist.xml; path = Info.plist; sourceTree = "<group>"; };
		36A5316D22E17BE90015C350 /* Student+CoreDataClass.swift */ = {isa = PBXFileReference; lastKnownFileType = sourcecode.swift; path = "Student+CoreDataClass.swift"; sourceTree = "<group>"; };
		36A5316E22E17BE90015C350 /* Student+CoreDataProperties.swift */ = {isa = PBXFileReference; lastKnownFileType = sourcecode.swift; path = "Student+CoreDataProperties.swift"; sourceTree = "<group>"; };
		36A5317222E17C120015C350 /* CoreData.framework */ = {isa = PBXFileReference; lastKnownFileType = wrapper.framework; name = CoreData.framework; path = System/Library/Frameworks/CoreData.framework; sourceTree = SDKROOT; };
		36A5317422E184A40015C350 /* DatabaseHelper.swift */ = {isa = PBXFileReference; lastKnownFileType = sourcecode.swift; path = DatabaseHelper.swift; sourceTree = "<group>"; };
		36A5317622E19C9D0015C350 /* TableViewCell.swift */ = {isa = PBXFileReference; lastKnownFileType = sourcecode.swift; path = TableViewCell.swift; sourceTree = "<group>"; };
		36A5317822E19CBE0015C350 /* ListViewController.swift */ = {isa = PBXFileReference; lastKnownFileType = sourcecode.swift; path = ListViewController.swift; sourceTree = "<group>"; };
		36A5317B22E1E0DF0015C350 /* Utils.swift */ = {isa = PBXFileReference; fileEncoding = 4; lastKnownFileType = sourcecode.swift; path = Utils.swift; sourceTree = "<group>"; };
/* End PBXFileReference section */

/* Begin PBXFrameworksBuildPhase section */
		36A5315222E17A520015C350 /* Frameworks */ = {
			isa = PBXFrameworksBuildPhase;
			buildActionMask = 2147483647;
			files = (
				36A5317322E17C120015C350 /* CoreData.framework in Frameworks */,
			);
			runOnlyForDeploymentPostprocessing = 0;
		};
/* End PBXFrameworksBuildPhase section */

/* Begin PBXGroup section */
		36A5314C22E17A520015C350 = {
			isa = PBXGroup;
			children = (
				36A5315722E17A520015C350 /* CoreDataDemo */,
				36A5315622E17A520015C350 /* Products */,
				36A5317122E17C120015C350 /* Frameworks */,
			);
			sourceTree = "<group>";
		};
		36A5315622E17A520015C350 /* Products */ = {
			isa = PBXGroup;
			children = (
				36A5315522E17A520015C350 /* CoreDataDemo.app */,
			);
			name = Products;
			sourceTree = "<group>";
		};
		36A5315722E17A520015C350 /* CoreDataDemo */ = {
			isa = PBXGroup;
			children = (
				36A5317622E19C9D0015C350 /* TableViewCell.swift */,
				36A5315822E17A520015C350 /* AppDelegate.swift */,
				36A5315A22E17A520015C350 /* ViewController.swift */,
				36A5317A22E1E0DF0015C350 /* Utils */,
				36A5316D22E17BE90015C350 /* Student+CoreDataClass.swift */,
				36A5316E22E17BE90015C350 /* Student+CoreDataProperties.swift */,
				36A5317422E184A40015C350 /* DatabaseHelper.swift */,
				36A5315C22E17A520015C350 /* Main.storyboard */,
				36A5316222E17A530015C350 /* Assets.xcassets */,
				36A5316422E17A530015C350 /* LaunchScreen.storyboard */,
				36A5316722E17A530015C350 /* Info.plist */,
				36A5315F22E17A520015C350 /* CoreDataDemo.xcdatamodeld */,
				36A5317822E19CBE0015C350 /* ListViewController.swift */,
			);
			path = CoreDataDemo;
			sourceTree = "<group>";
		};
		36A5317122E17C120015C350 /* Frameworks */ = {
			isa = PBXGroup;
			children = (
				36A5317222E17C120015C350 /* CoreData.framework */,
			);
			name = Frameworks;
			sourceTree = "<group>";
		};
		36A5317A22E1E0DF0015C350 /* Utils */ = {
			isa = PBXGroup;
			children = (
				36A5317B22E1E0DF0015C350 /* Utils.swift */,
			);
			path = Utils;
			sourceTree = "<group>";
		};
/* End PBXGroup section */

/* Begin PBXNativeTarget section */
		36A5315422E17A520015C350 /* CoreDataDemo */ = {
			isa = PBXNativeTarget;
			buildConfigurationList = 36A5316A22E17A530015C350 /* Build configuration list for PBXNativeTarget "CoreDataDemo" */;
			buildPhases = (
				36A5315122E17A520015C350 /* Sources */,
				36A5315222E17A520015C350 /* Frameworks */,
				36A5315322E17A520015C350 /* Resources */,
			);
			buildRules = (
			);
			dependencies = (
			);
			name = CoreDataDemo;
			productName = CoreDataDemo;
			productReference = 36A5315522E17A520015C350 /* CoreDataDemo.app */;
			productType = "com.apple.product-type.application";
		};
/* End PBXNativeTarget section */

/* Begin PBXProject section */
		36A5314D22E17A520015C350 /* Project object */ = {
			isa = PBXProject;
			attributes = {
				LastSwiftUpdateCheck = 1000;
				LastUpgradeCheck = 1000;
				ORGANIZATIONNAME = "Dheeraj Arora";
				TargetAttributes = {
					36A5315422E17A520015C350 = {
						CreatedOnToolsVersion = 10.0;
					};
				};
			};
			buildConfigurationList = 36A5315022E17A520015C350 /* Build configuration list for PBXProject "CoreDataDemo" */;
			compatibilityVersion = "Xcode 9.3";
			developmentRegion = en;
			hasScannedForEncodings = 0;
			knownRegions = (
				en,
				Base,
			);
			mainGroup = 36A5314C22E17A520015C350;
			productRefGroup = 36A5315622E17A520015C350 /* Products */;
			projectDirPath = "";
			projectRoot = "";
			targets = (
				36A5315422E17A520015C350 /* CoreDataDemo */,
			);
		};
/* End PBXProject section */

/* Begin PBXResourcesBuildPhase section */
		36A5315322E17A520015C350 /* Resources */ = {
			isa = PBXResourcesBuildPhase;
			buildActionMask = 2147483647;
			files = (
				36A5316622E17A530015C350 /* LaunchScreen.storyboard in Resources */,
				36A5316322E17A530015C350 /* Assets.xcassets in Resources */,
				36A5315E22E17A520015C350 /* Main.storyboard in Resources */,
			);
			runOnlyForDeploymentPostprocessing = 0;
		};
/* End PBXResourcesBuildPhase section */

/* Begin PBXSourcesBuildPhase section */
		36A5315122E17A520015C350 /* Sources */ = {
			isa = PBXSourcesBuildPhase;
			buildActionMask = 2147483647;
			files = (
				36A5315B22E17A520015C350 /* ViewController.swift in Sources */,
				36A5316F22E17BE90015C350 /* Student+CoreDataClass.swift in Sources */,
				36A5317C22E1E0DF0015C350 /* Utils.swift in Sources */,
				36A5316122E17A520015C350 /* CoreDataDemo.xcdatamodeld in Sources */,
				36A5315922E17A520015C350 /* AppDelegate.swift in Sources */,
				36A5317522E184A40015C350 /* DatabaseHelper.swift in Sources */,
				36A5317722E19C9D0015C350 /* TableViewCell.swift in Sources */,
				36A5317922E19CBE0015C350 /* ListViewController.swift in Sources */,
				36A5317022E17BE90015C350 /* Student+CoreDataProperties.swift in Sources */,
			);
			runOnlyForDeploymentPostprocessing = 0;
		};
/* End PBXSourcesBuildPhase section */

/* Begin PBXVariantGroup section */
		36A5315C22E17A520015C350 /* Main.storyboard */ = {
			isa = PBXVariantGroup;
			children = (
				36A5315D22E17A520015C350 /* Base */,
			);
			name = Main.storyboard;
			sourceTree = "<group>";
		};
		36A5316422E17A530015C350 /* LaunchScreen.storyboard */ = {
			isa = PBXVariantGroup;
			children = (
				36A5316522E17A530015C350 /* Base */,
			);
			name = LaunchScreen.storyboard;
			sourceTree = "<group>";
		};
/* End PBXVariantGroup section */

/* Begin XCBuildConfiguration section */
		36A5316822E17A530015C350 /* Debug */ = {
			isa = XCBuildConfiguration;
			buildSettings = {
				ALWAYS_SEARCH_USER_PATHS = NO;
				CLANG_ANALYZER_NONNULL = YES;
				CLANG_ANALYZER_NUMBER_OBJECT_CONVERSION = YES_AGGRESSIVE;
				CLANG_CXX_LANGUAGE_STANDARD = "gnu++14";
				CLANG_CXX_LIBRARY = "libc++";
				CLANG_ENABLE_MODULES = YES;
				CLANG_ENABLE_OBJC_ARC = YES;
				CLANG_ENABLE_OBJC_WEAK = YES;
				CLANG_WARN_BLOCK_CAPTURE_AUTORELEASING = YES;
				CLANG_WARN_BOOL_CONVERSION = YES;
				CLANG_WARN_COMMA = YES;
				CLANG_WARN_CONSTANT_CONVERSION = YES;
				CLANG_WARN_DEPRECATED_OBJC_IMPLEMENTATIONS = YES;
				CLANG_WARN_DIRECT_OBJC_ISA_USAGE = YES_ERROR;
				CLANG_WARN_DOCUMENTATION_COMMENTS = YES;
				CLANG_WARN_EMPTY_BODY = YES;
				CLANG_WARN_ENUM_CONVERSION = YES;
				CLANG_WARN_INFINITE_RECURSION = YES;
				CLANG_WARN_INT_CONVERSION = YES;
				CLANG_WARN_NON_LITERAL_NULL_CONVERSION = YES;
				CLANG_WARN_OBJC_IMPLICIT_RETAIN_SELF = YES;
				CLANG_WARN_OBJC_LITERAL_CONVERSION = YES;
				CLANG_WARN_OBJC_ROOT_CLASS = YES_ERROR;
				CLANG_WARN_RANGE_LOOP_ANALYSIS = YES;
				CLANG_WARN_STRICT_PROTOTYPES = YES;
				CLANG_WARN_SUSPICIOUS_MOVE = YES;
				CLANG_WARN_UNGUARDED_AVAILABILITY = YES_AGGRESSIVE;
				CLANG_WARN_UNREACHABLE_CODE = YES;
				CLANG_WARN__DUPLICATE_METHOD_MATCH = YES;
				CODE_SIGN_IDENTITY = "iPhone Developer";
				COPY_PHASE_STRIP = NO;
				DEBUG_INFORMATION_FORMAT = dwarf;
				ENABLE_STRICT_OBJC_MSGSEND = YES;
				ENABLE_TESTABILITY = YES;
				GCC_C_LANGUAGE_STANDARD = gnu11;
				GCC_DYNAMIC_NO_PIC = NO;
				GCC_NO_COMMON_BLOCKS = YES;
				GCC_OPTIMIZATION_LEVEL = 0;
				GCC_PREPROCESSOR_DEFINITIONS = (
					"DEBUG=1",
					"$(inherited)",
				);
				GCC_WARN_64_TO_32_BIT_CONVERSION = YES;
				GCC_WARN_ABOUT_RETURN_TYPE = YES_ERROR;
				GCC_WARN_UNDECLARED_SELECTOR = YES;
				GCC_WARN_UNINITIALIZED_AUTOS = YES_AGGRESSIVE;
				GCC_WARN_UNUSED_FUNCTION = YES;
				GCC_WARN_UNUSED_VARIABLE = YES;
				IPHONEOS_DEPLOYMENT_TARGET = 12.0;
				MTL_ENABLE_DEBUG_INFO = INCLUDE_SOURCE;
				MTL_FAST_MATH = YES;
				ONLY_ACTIVE_ARCH = YES;
				SDKROOT = iphoneos;
				SWIFT_ACTIVE_COMPILATION_CONDITIONS = DEBUG;
				SWIFT_OPTIMIZATION_LEVEL = "-Onone";
			};
			name = Debug;
		};
		36A5316922E17A530015C350 /* Release */ = {
			isa = XCBuildConfiguration;
			buildSettings = {
				ALWAYS_SEARCH_USER_PATHS = NO;
				CLANG_ANALYZER_NONNULL = YES;
				CLANG_ANALYZER_NUMBER_OBJECT_CONVERSION = YES_AGGRESSIVE;
				CLANG_CXX_LANGUAGE_STANDARD = "gnu++14";
				CLANG_CXX_LIBRARY = "libc++";
				CLANG_ENABLE_MODULES = YES;
				CLANG_ENABLE_OBJC_ARC = YES;
				CLANG_ENABLE_OBJC_WEAK = YES;
				CLANG_WARN_BLOCK_CAPTURE_AUTORELEASING = YES;
				CLANG_WARN_BOOL_CONVERSION = YES;
				CLANG_WARN_COMMA = YES;
				CLANG_WARN_CONSTANT_CONVERSION = YES;
				CLANG_WARN_DEPRECATED_OBJC_IMPLEMENTATIONS = YES;
				CLANG_WARN_DIRECT_OBJC_ISA_USAGE = YES_ERROR;
				CLANG_WARN_DOCUMENTATION_COMMENTS = YES;
				CLANG_WARN_EMPTY_BODY = YES;
				CLANG_WARN_ENUM_CONVERSION = YES;
				CLANG_WARN_INFINITE_RECURSION = YES;
				CLANG_WARN_INT_CONVERSION = YES;
				CLANG_WARN_NON_LITERAL_NULL_CONVERSION = YES;
				CLANG_WARN_OBJC_IMPLICIT_RETAIN_SELF = YES;
				CLANG_WARN_OBJC_LITERAL_CONVERSION = YES;
				CLANG_WARN_OBJC_ROOT_CLASS = YES_ERROR;
				CLANG_WARN_RANGE_LOOP_ANALYSIS = YES;
				CLANG_WARN_STRICT_PROTOTYPES = YES;
				CLANG_WARN_SUSPICIOUS_MOVE = YES;
				CLANG_WARN_UNGUARDED_AVAILABILITY = YES_AGGRESSIVE;
				CLANG_WARN_UNREACHABLE_CODE = YES;
				CLANG_WARN__DUPLICATE_METHOD_MATCH = YES;
				CODE_SIGN_IDENTITY = "iPhone Developer";
				COPY_PHASE_STRIP = NO;
				DEBUG_INFORMATION_FORMAT = "dwarf-with-dsym";
				ENABLE_NS_ASSERTIONS = NO;
				ENABLE_STRICT_OBJC_MSGSEND = YES;
				GCC_C_LANGUAGE_STANDARD = gnu11;
				GCC_NO_COMMON_BLOCKS = YES;
				GCC_WARN_64_TO_32_BIT_CONVERSION = YES;
				GCC_WARN_ABOUT_RETURN_TYPE = YES_ERROR;
				GCC_WARN_UNDECLARED_SELECTOR = YES;
				GCC_WARN_UNINITIALIZED_AUTOS = YES_AGGRESSIVE;
				GCC_WARN_UNUSED_FUNCTION = YES;
				GCC_WARN_UNUSED_VARIABLE = YES;
				IPHONEOS_DEPLOYMENT_TARGET = 12.0;
				MTL_ENABLE_DEBUG_INFO = NO;
				MTL_FAST_MATH = YES;
				SDKROOT = iphoneos;
				SWIFT_COMPILATION_MODE = wholemodule;
				SWIFT_OPTIMIZATION_LEVEL = "-O";
				VALIDATE_PRODUCT = YES;
			};
			name = Release;
		};
		36A5316B22E17A530015C350 /* Debug */ = {
			isa = XCBuildConfiguration;
			buildSettings = {
				ASSETCATALOG_COMPILER_APPICON_NAME = AppIcon;
				CODE_SIGN_STYLE = Automatic;
				DEVELOPMENT_TEAM = 3KAF34TYV9;
				INFOPLIST_FILE = CoreDataDemo/Info.plist;
				IPHONEOS_DEPLOYMENT_TARGET = 11.0;
				LD_RUNPATH_SEARCH_PATHS = (
					"$(inherited)",
					"@executable_path/Frameworks",
				);
				PRODUCT_BUNDLE_IDENTIFIER = com.monet.CoreDataDemo;
				PRODUCT_NAME = "$(TARGET_NAME)";
				SWIFT_VERSION = 4.2;
				TARGETED_DEVICE_FAMILY = "1,2";
			};
			name = Debug;
		};
		36A5316C22E17A530015C350 /* Release */ = {
			isa = XCBuildConfiguration;
			buildSettings = {
				ASSETCATALOG_COMPILER_APPICON_NAME = AppIcon;
				CODE_SIGN_STYLE = Automatic;
				DEVELOPMENT_TEAM = 3KAF34TYV9;
				INFOPLIST_FILE = CoreDataDemo/Info.plist;
				IPHONEOS_DEPLOYMENT_TARGET = 11.0;
				LD_RUNPATH_SEARCH_PATHS = (
					"$(inherited)",
					"@executable_path/Frameworks",
				);
				PRODUCT_BUNDLE_IDENTIFIER = com.monet.CoreDataDemo;
				PRODUCT_NAME = "$(TARGET_NAME)";
				SWIFT_VERSION = 4.2;
				TARGETED_DEVICE_FAMILY = "1,2";
			};
			name = Release;
		};
/* End XCBuildConfiguration section */

/* Begin XCConfigurationList section */
		36A5315022E17A520015C350 /* Build configuration list for PBXProject "CoreDataDemo" */ = {
			isa = XCConfigurationList;
			buildConfigurations = (
				36A5316822E17A530015C350 /* Debug */,
				36A5316922E17A530015C350 /* Release */,
			);
			defaultConfigurationIsVisible = 0;
			defaultConfigurationName = Release;
		};
		36A5316A22E17A530015C350 /* Build configuration list for PBXNativeTarget "CoreDataDemo" */ = {
			isa = XCConfigurationList;
			buildConfigurations = (
				36A5316B22E17A530015C350 /* Debug */,
				36A5316C22E17A530015C350 /* Release */,
			);
			defaultConfigurationIsVisible = 0;
			defaultConfigurationName = Release;
		};
/* End XCConfigurationList section */

/* Begin XCVersionGroup section */
		36A5315F22E17A520015C350 /* CoreDataDemo.xcdatamodeld */ = {
			isa = XCVersionGroup;
			children = (
				36A5316022E17A520015C350 /* CoreDataDemo.xcdatamodel */,
			);
			currentVersion = 36A5316022E17A520015C350 /* CoreDataDemo.xcdatamodel */;
			path = CoreDataDemo.xcdatamodeld;
			sourceTree = "<group>";
			versionGroupType = wrapper.xcdatamodel;
		};
/* End XCVersionGroup section */
	};
	rootObject = 36A5314D22E17A520015C350 /* Project object */;
}
